
Microsoft Visual Studio Solution File, Format Version 12.00
Project("{FAE04EC0-301F-11D3-BF4B-00C04F79EFBC}") = "Samples.ConsoleApp", "Samples.ConsoleApp\Samples.ConsoleApp.csproj", "{3179E6A7-9369-4AE2-9035-412B5FC2F64A}"
EndProject
Project("{FAE04EC0-301F-11D3-BF4B-00C04F79EFBC}") = "Pipeliner", "Pipeliner\Pipeliner.csproj", "{0678AD03-6323-418C-AF13-CA3DFA242FE9}"
EndProject
Project("{FAE04EC0-301F-11D3-BF4B-00C04F79EFBC}") = "Pipeliner.Tests", "Pipeliner.Tests\Pipeliner.Tests.csproj", "{1E155282-8FDB-4126-BEB5-152BF126FB6A}"
EndProject
Global
	GlobalSection(SolutionConfigurationPlatforms) = preSolution
		Debug|Any CPU = Debug|Any CPU
		Release|Any CPU = Release|Any CPU
	EndGlobalSection
	GlobalSection(ProjectConfigurationPlatforms) = postSolution
		{3179E6A7-9369-4AE2-9035-412B5FC2F64A}.Debug|Any CPU.ActiveCfg = Debug|Any CPU
		{3179E6A7-9369-4AE2-9035-412B5FC2F64A}.Debug|Any CPU.Build.0 = Debug|Any CPU
		{3179E6A7-9369-4AE2-9035-412B5FC2F64A}.Release|Any CPU.ActiveCfg = Release|Any CPU
		{3179E6A7-9369-4AE2-9035-412B5FC2F64A}.Release|Any CPU.Build.0 = Release|Any CPU
		{0678AD03-6323-418C-AF13-CA3DFA242FE9}.Debug|Any CPU.ActiveCfg = Debug|Any CPU
		{0678AD03-6323-418C-AF13-CA3DFA242FE9}.Debug|Any CPU.Build.0 = Debug|Any CPU
		{0678AD03-6323-418C-AF13-CA3DFA242FE9}.Release|Any CPU.ActiveCfg = Release|Any CPU
		{0678AD03-6323-418C-AF13-CA3DFA242FE9}.Release|Any CPU.Build.0 = Release|Any CPU
		{1E155282-8FDB-4126-BEB5-152BF126FB6A}.Debug|Any CPU.ActiveCfg = Debug|Any CPU
		{1E155282-8FDB-4126-BEB5-152BF126FB6A}.Debug|Any CPU.Build.0 = Debug|Any CPU
		{1E155282-8FDB-4126-BEB5-152BF126FB6A}.Release|Any CPU.ActiveCfg = Release|Any CPU
		{1E155282-8FDB-4126-BEB5-152BF126FB6A}.Release|Any CPU.Build.0 = Release|Any CPU
	EndGlobalSection
EndGlobal
